
Microsoft Visual Studio Solution File, Format Version 12.00
# Visual Studio Version 16
VisualStudioVersion = 16.0.33214.272
MinimumVisualStudioVersion = 10.0.40219.1
Project("{8BC9CEB8-8B4A-11D0-8D11-00A0C91BC942}") = "asmb", "asmb\asmb.vcxproj", "{CE683BB3-5382-4740-A2AA-5010D78EEB6C}"
EndProject
Project("{8BC9CEB8-8B4A-11D0-8D11-00A0C91BC942}") = "simb", "simb\simb.vcxproj", "{22BAC8A1-BF7B-4FEE-8AAC-1EC5E48ECE86}"
EndProject
Project("{8BC9CEB8-8B4A-11D0-8D11-00A0C91BC942}") = "ideb", "ideb\ideb.vcxproj", "{C2E393BB-1F6E-49D1-AC6D-01F34F6E74D1}"
EndProject
Project("{8BC9CEB8-8B4A-11D0-8D11-00A0C91BC942}") = "raspberry", "emub\raspberry\raspberry.vcxproj", "{8A1BE174-C046-4929-AD8E-9A2D5EE381AE}"
EndProject
Project("{8BC9CEB8-8B4A-11D0-8D11-00A0C91BC942}") = "libbjtcpu", "libbjtcpu\libbjtcpu.vcxproj", "{5F3767FA-CAD9-4580-AB8A-F637641C318B}"
EndProject
Project("{8BC9CEB8-8B4A-11D0-8D11-00A0C91BC942}") = "unittest", "unittest\UnitTest.vcxproj", "{C0D77BF2-AA73-4748-9D5F-E3994EA64873}"
EndProject
Project("{8BC9CEB8-8B4A-11D0-8D11-00A0C91BC942}") = "bjtemu", "emub\bjtemu\bjtemu.vcxproj", "{39E2626E-C270-4A40-999D-D48FCF223BF6}"
EndProject
Global
	GlobalSection(SolutionConfigurationPlatforms) = preSolution
		Debug|x64 = Debug|x64
		Debug|x86 = Debug|x86
		Release|x64 = Release|x64
		Release|x86 = Release|x86
	EndGlobalSection
	GlobalSection(ProjectConfigurationPlatforms) = postSolution
		{CE683BB3-5382-4740-A2AA-5010D78EEB6C}.Debug|x64.ActiveCfg = Debug|x64
		{CE683BB3-5382-4740-A2AA-5010D78EEB6C}.Debug|x64.Build.0 = Debug|x64
		{CE683BB3-5382-4740-A2AA-5010D78EEB6C}.Debug|x86.ActiveCfg = Debug|Win32
		{CE683BB3-5382-4740-A2AA-5010D78EEB6C}.Debug|x86.Build.0 = Debug|Win32
		{CE683BB3-5382-4740-A2AA-5010D78EEB6C}.Release|x64.ActiveCfg = Release|x64
		{CE683BB3-5382-4740-A2AA-5010D78EEB6C}.Release|x64.Build.0 = Release|x64
		{CE683BB3-5382-4740-A2AA-5010D78EEB6C}.Release|x86.ActiveCfg = Release|Win32
		{CE683BB3-5382-4740-A2AA-5010D78EEB6C}.Release|x86.Build.0 = Release|Win32
		{22BAC8A1-BF7B-4FEE-8AAC-1EC5E48ECE86}.Debug|x64.ActiveCfg = Debug|x64
		{22BAC8A1-BF7B-4FEE-8AAC-1EC5E48ECE86}.Debug|x64.Build.0 = Debug|x64
		{22BAC8A1-BF7B-4FEE-8AAC-1EC5E48ECE86}.Debug|x86.ActiveCfg = Debug|Win32
		{22BAC8A1-BF7B-4FEE-8AAC-1EC5E48ECE86}.Debug|x86.Build.0 = Debug|Win32
		{22BAC8A1-BF7B-4FEE-8AAC-1EC5E48ECE86}.Release|x64.ActiveCfg = Release|x64
		{22BAC8A1-BF7B-4FEE-8AAC-1EC5E48ECE86}.Release|x64.Build.0 = Release|x64
		{22BAC8A1-BF7B-4FEE-8AAC-1EC5E48ECE86}.Release|x86.ActiveCfg = Release|Win32
		{22BAC8A1-BF7B-4FEE-8AAC-1EC5E48ECE86}.Release|x86.Build.0 = Release|Win32
		{C2E393BB-1F6E-49D1-AC6D-01F34F6E74D1}.Debug|x64.ActiveCfg = Debug|x64
		{C2E393BB-1F6E-49D1-AC6D-01F34F6E74D1}.Debug|x64.Build.0 = Debug|x64
		{C2E393BB-1F6E-49D1-AC6D-01F34F6E74D1}.Debug|x86.ActiveCfg = Debug|Win32
		{C2E393BB-1F6E-49D1-AC6D-01F34F6E74D1}.Debug|x86.Build.0 = Debug|Win32
		{C2E393BB-1F6E-49D1-AC6D-01F34F6E74D1}.Release|x64.ActiveCfg = Release|x64
		{C2E393BB-1F6E-49D1-AC6D-01F34F6E74D1}.Release|x64.Build.0 = Release|x64
		{C2E393BB-1F6E-49D1-AC6D-01F34F6E74D1}.Release|x86.ActiveCfg = Release|Win32
		{C2E393BB-1F6E-49D1-AC6D-01F34F6E74D1}.Release|x86.Build.0 = Release|Win32
		{8A1BE174-C046-4929-AD8E-9A2D5EE381AE}.Debug|x64.ActiveCfg = Debug|x64
		{8A1BE174-C046-4929-AD8E-9A2D5EE381AE}.Debug|x64.Build.0 = Debug|x64
		{8A1BE174-C046-4929-AD8E-9A2D5EE381AE}.Debug|x86.ActiveCfg = Debug|Win32
		{8A1BE174-C046-4929-AD8E-9A2D5EE381AE}.Debug|x86.Build.0 = Debug|Win32
		{8A1BE174-C046-4929-AD8E-9A2D5EE381AE}.Release|x64.ActiveCfg = Release|ARM
		{8A1BE174-C046-4929-AD8E-9A2D5EE381AE}.Release|x64.Build.0 = Release|ARM
		{8A1BE174-C046-4929-AD8E-9A2D5EE381AE}.Release|x86.ActiveCfg = Release|Win32
		{8A1BE174-C046-4929-AD8E-9A2D5EE381AE}.Release|x86.Build.0 = Release|Win32
		{5F3767FA-CAD9-4580-AB8A-F637641C318B}.Debug|x64.ActiveCfg = Debug|x64
		{5F3767FA-CAD9-4580-AB8A-F637641C318B}.Debug|x64.Build.0 = Debug|x64
		{5F3767FA-CAD9-4580-AB8A-F637641C318B}.Debug|x86.ActiveCfg = Debug|Win32
		{5F3767FA-CAD9-4580-AB8A-F637641C318B}.Debug|x86.Build.0 = Debug|Win32
		{5F3767FA-CAD9-4580-AB8A-F637641C318B}.Release|x64.ActiveCfg = Release|x64
		{5F3767FA-CAD9-4580-AB8A-F637641C318B}.Release|x64.Build.0 = Release|x64
		{5F3767FA-CAD9-4580-AB8A-F637641C318B}.Release|x86.ActiveCfg = Release|Win32
		{5F3767FA-CAD9-4580-AB8A-F637641C318B}.Release|x86.Build.0 = Release|Win32
		{C0D77BF2-AA73-4748-9D5F-E3994EA64873}.Debug|x64.ActiveCfg = Debug|x64
		{C0D77BF2-AA73-4748-9D5F-E3994EA64873}.Debug|x64.Build.0 = Debug|x64
		{C0D77BF2-AA73-4748-9D5F-E3994EA64873}.Debug|x86.ActiveCfg = Debug|Win32
		{C0D77BF2-AA73-4748-9D5F-E3994EA64873}.Debug|x86.Build.0 = Debug|Win32
		{C0D77BF2-AA73-4748-9D5F-E3994EA64873}.Release|x64.ActiveCfg = Release|x64
		{C0D77BF2-AA73-4748-9D5F-E3994EA64873}.Release|x64.Build.0 = Release|x64
		{C0D77BF2-AA73-4748-9D5F-E3994EA64873}.Release|x86.ActiveCfg = Release|Win32
		{C0D77BF2-AA73-4748-9D5F-E3994EA64873}.Release|x86.Build.0 = Release|Win32
		{39E2626E-C270-4A40-999D-D48FCF223BF6}.Debug|x64.ActiveCfg = Debug|x64
		{39E2626E-C270-4A40-999D-D48FCF223BF6}.Debug|x64.Build.0 = Debug|x64
		{39E2626E-C270-4A40-999D-D48FCF223BF6}.Debug|x86.ActiveCfg = Debug|Win32
		{39E2626E-C270-4A40-999D-D48FCF223BF6}.Debug|x86.Build.0 = Debug|Win32
		{39E2626E-C270-4A40-999D-D48FCF223BF6}.Release|x64.ActiveCfg = Release|x64
		{39E2626E-C270-4A40-999D-D48FCF223BF6}.Release|x64.Build.0 = Release|x64
		{39E2626E-C270-4A40-999D-D48FCF223BF6}.Release|x86.ActiveCfg = Release|Win32
		{39E2626E-C270-4A40-999D-D48FCF223BF6}.Release|x86.Build.0 = Release|Win32
	EndGlobalSection
	GlobalSection(SolutionProperties) = preSolution
		HideSolutionNode = FALSE
	EndGlobalSection
	GlobalSection(ExtensibilityGlobals) = postSolution
		SolutionGuid = {B91ACBD7-6C6A-493C-9A56-B2D3A63F73FD}
	EndGlobalSection
EndGlobal
