// !$*UTF8*$!
{
	archiveVersion = 1;
	classes = {
	};
	objectVersion = 56;
	objects = {

/* Begin PBXBuildFile section */
		A6B39575295DF441002070D9 /* scanner.c in Sources */ = {isa = PBXBuildFile; fileRef = A6B3955C295DF441002070D9 /* scanner.c */; };
		A6B39576295DF441002070D9 /* main.c in Sources */ = {isa = PBXBuildFile; fileRef = A6B3955F295DF441002070D9 /* main.c */; };
		A6B39577295DF441002070D9 /* gen_fpga.c in Sources */ = {isa = PBXBuildFile; fileRef = A6B39563295DF441002070D9 /* gen_fpga.c */; };
		A6B39578295DF441002070D9 /* intrep.c in Sources */ = {isa = PBXBuildFile; fileRef = A6B39565295DF441002070D9 /* intrep.c */; };
		A6B39579295DF441002070D9 /* gen_bin.c in Sources */ = {isa = PBXBuildFile; fileRef = A6B39569295DF441002070D9 /* gen_bin.c */; };
		A6B3957A295DF441002070D9 /* version.c in Sources */ = {isa = PBXBuildFile; fileRef = A6B3956A295DF441002070D9 /* version.c */; };
		A6B3957B295DF441002070D9 /* loc.c in Sources */ = {isa = PBXBuildFile; fileRef = A6B3956B295DF441002070D9 /* loc.c */; };
		A6B3957C295DF441002070D9 /* gen_lst.c in Sources */ = {isa = PBXBuildFile; fileRef = A6B3956D295DF441002070D9 /* gen_lst.c */; };
		A6B3957D295DF441002070D9 /* grammar.c in Sources */ = {isa = PBXBuildFile; fileRef = A6B3956F295DF441002070D9 /* grammar.c */; };
		A6B3957E295DF441002070D9 /* error.cpp in Sources */ = {isa = PBXBuildFile; fileRef = A6B39570295DF441002070D9 /* error.cpp */; };
		A6B39581295DF441002070D9 /* util.cpp in Sources */ = {isa = PBXBuildFile; fileRef = A6B39574295DF441002070D9 /* util.cpp */; };
		A6B39586295E028C002070D9 /* libbjtcpu.a in Frameworks */ = {isa = PBXBuildFile; fileRef = A6B39585295E028C002070D9 /* libbjtcpu.a */; };
/* End PBXBuildFile section */

/* Begin PBXCopyFilesBuildPhase section */
		A6B39528295DF0DA002070D9 /* CopyFiles */ = {
			isa = PBXCopyFilesBuildPhase;
			buildActionMask = 2147483647;
			dstPath = /usr/share/man/man1/;
			dstSubfolderSpec = 0;
			files = (
			);
			runOnlyForDeploymentPostprocessing = 1;
		};
/* End PBXCopyFilesBuildPhase section */

/* Begin PBXFileReference section */
		A6B3952A295DF0DA002070D9 /* asmb */ = {isa = PBXFileReference; explicitFileType = "compiled.mach-o.executable"; includeInIndex = 0; path = asmb; sourceTree = BUILT_PRODUCTS_DIR; };
		A6B3955C295DF441002070D9 /* scanner.c */ = {isa = PBXFileReference; fileEncoding = 4; lastKnownFileType = sourcecode.c.c; name = scanner.c; path = ../../asmb/scanner.c; sourceTree = "<group>"; };
		A6B3955D295DF441002070D9 /* grammar.h */ = {isa = PBXFileReference; fileEncoding = 4; lastKnownFileType = sourcecode.c.h; name = grammar.h; path = ../../asmb/grammar.h; sourceTree = "<group>"; };
		A6B3955E295DF441002070D9 /* util.h */ = {isa = PBXFileReference; fileEncoding = 4; lastKnownFileType = sourcecode.c.h; name = util.h; path = ../../asmb/util.h; sourceTree = "<group>"; };
		A6B3955F295DF441002070D9 /* main.c */ = {isa = PBXFileReference; fileEncoding = 4; lastKnownFileType = sourcecode.c.c; name = main.c; path = ../../asmb/main.c; sourceTree = "<group>"; };
		A6B39560295DF441002070D9 /* unistd.h */ = {isa = PBXFileReference; fileEncoding = 4; lastKnownFileType = sourcecode.c.h; name = unistd.h; path = ../../asmb/unistd.h; sourceTree = "<group>"; };
		A6B39561295DF441002070D9 /* intrep.h */ = {isa = PBXFileReference; fileEncoding = 4; lastKnownFileType = sourcecode.c.h; name = intrep.h; path = ../../asmb/intrep.h; sourceTree = "<group>"; };
		A6B39562295DF441002070D9 /* Version.h */ = {isa = PBXFileReference; fileEncoding = 4; lastKnownFileType = sourcecode.c.h; name = Version.h; path = ../../asmb/Version.h; sourceTree = "<group>"; };
		A6B39563295DF441002070D9 /* gen_fpga.c */ = {isa = PBXFileReference; fileEncoding = 4; lastKnownFileType = sourcecode.c.c; name = gen_fpga.c; path = ../../asmb/gen_fpga.c; sourceTree = "<group>"; };
		A6B39564295DF441002070D9 /* error.h */ = {isa = PBXFileReference; fileEncoding = 4; lastKnownFileType = sourcecode.c.h; name = error.h; path = ../../asmb/error.h; sourceTree = "<group>"; };
		A6B39565295DF441002070D9 /* intrep.c */ = {isa = PBXFileReference; fileEncoding = 4; lastKnownFileType = sourcecode.c.c; name = intrep.c; path = ../../asmb/intrep.c; sourceTree = "<group>"; };
		A6B39566295DF441002070D9 /* gen_bin.h */ = {isa = PBXFileReference; fileEncoding = 4; lastKnownFileType = sourcecode.c.h; name = gen_bin.h; path = ../../asmb/gen_bin.h; sourceTree = "<group>"; };
		A6B39567295DF441002070D9 /* gen_fpga.h */ = {isa = PBXFileReference; fileEncoding = 4; lastKnownFileType = sourcecode.c.h; name = gen_fpga.h; path = ../../asmb/gen_fpga.h; sourceTree = "<group>"; };
		A6B39568295DF441002070D9 /* scanner.h */ = {isa = PBXFileReference; fileEncoding = 4; lastKnownFileType = sourcecode.c.h; name = scanner.h; path = ../../asmb/scanner.h; sourceTree = "<group>"; };
		A6B39569295DF441002070D9 /* gen_bin.c */ = {isa = PBXFileReference; fileEncoding = 4; lastKnownFileType = sourcecode.c.c; name = gen_bin.c; path = ../../asmb/gen_bin.c; sourceTree = "<group>"; };
		A6B3956A295DF441002070D9 /* version.c */ = {isa = PBXFileReference; fileEncoding = 4; lastKnownFileType = sourcecode.c.c; name = version.c; path = ../../asmb/version.c; sourceTree = "<group>"; };
		A6B3956B295DF441002070D9 /* loc.c */ = {isa = PBXFileReference; fileEncoding = 4; lastKnownFileType = sourcecode.c.c; name = loc.c; path = ../../asmb/loc.c; sourceTree = "<group>"; };
		A6B3956C295DF441002070D9 /* gen_lst.h */ = {isa = PBXFileReference; fileEncoding = 4; lastKnownFileType = sourcecode.c.h; name = gen_lst.h; path = ../../asmb/gen_lst.h; sourceTree = "<group>"; };
		A6B3956D295DF441002070D9 /* gen_lst.c */ = {isa = PBXFileReference; fileEncoding = 4; lastKnownFileType = sourcecode.c.c; name = gen_lst.c; path = ../../asmb/gen_lst.c; sourceTree = "<group>"; };
		A6B3956E295DF441002070D9 /* config.h */ = {isa = PBXFileReference; fileEncoding = 4; lastKnownFileType = sourcecode.c.h; name = config.h; path = ../../asmb/config.h; sourceTree = "<group>"; };
		A6B3956F295DF441002070D9 /* grammar.c */ = {isa = PBXFileReference; fileEncoding = 4; lastKnownFileType = sourcecode.c.c; name = grammar.c; path = ../../asmb/grammar.c; sourceTree = "<group>"; };
		A6B39570295DF441002070D9 /* error.cpp */ = {isa = PBXFileReference; fileEncoding = 4; lastKnownFileType = sourcecode.cpp.cpp; name = error.cpp; path = ../../asmb/error.cpp; sourceTree = "<group>"; };
		A6B39571295DF441002070D9 /* scanner.l */ = {isa = PBXFileReference; fileEncoding = 4; lastKnownFileType = sourcecode.lex; name = scanner.l; path = ../../asmb/scanner.l; sourceTree = "<group>"; };
		A6B39573295DF441002070D9 /* loc.h */ = {isa = PBXFileReference; fileEncoding = 4; lastKnownFileType = sourcecode.c.h; name = loc.h; path = ../../asmb/loc.h; sourceTree = "<group>"; };
		A6B39574295DF441002070D9 /* util.cpp */ = {isa = PBXFileReference; fileEncoding = 4; lastKnownFileType = sourcecode.cpp.cpp; name = util.cpp; path = ../../asmb/util.cpp; sourceTree = "<group>"; };
		A6B39585295E028C002070D9 /* libbjtcpu.a */ = {isa = PBXFileReference; explicitFileType = archive.ar; path = libbjtcpu.a; sourceTree = BUILT_PRODUCTS_DIR; };
/* End PBXFileReference section */

/* Begin PBXFrameworksBuildPhase section */
		A6B39527295DF0DA002070D9 /* Frameworks */ = {
			isa = PBXFrameworksBuildPhase;
			buildActionMask = 2147483647;
			files = (
				A6B39586295E028C002070D9 /* libbjtcpu.a in Frameworks */,
			);
			runOnlyForDeploymentPostprocessing = 0;
		};
/* End PBXFrameworksBuildPhase section */

/* Begin PBXGroup section */
		A6B39521295DF0DA002070D9 = {
			isa = PBXGroup;
			children = (
				A6B3956E295DF441002070D9 /* config.h */,
				A6B39570295DF441002070D9 /* error.cpp */,
				A6B39564295DF441002070D9 /* error.h */,
				A6B39569295DF441002070D9 /* gen_bin.c */,
				A6B39566295DF441002070D9 /* gen_bin.h */,
				A6B39563295DF441002070D9 /* gen_fpga.c */,
				A6B39567295DF441002070D9 /* gen_fpga.h */,
				A6B3956D295DF441002070D9 /* gen_lst.c */,
				A6B3956C295DF441002070D9 /* gen_lst.h */,
				A6B3956F295DF441002070D9 /* grammar.c */,
				A6B3955D295DF441002070D9 /* grammar.h */,
				A6B39565295DF441002070D9 /* intrep.c */,
				A6B39561295DF441002070D9 /* intrep.h */,
				A6B3956B295DF441002070D9 /* loc.c */,
				A6B39573295DF441002070D9 /* loc.h */,
				A6B3955F295DF441002070D9 /* main.c */,
				A6B3955C295DF441002070D9 /* scanner.c */,
				A6B39568295DF441002070D9 /* scanner.h */,
				A6B39571295DF441002070D9 /* scanner.l */,
				A6B39560295DF441002070D9 /* unistd.h */,
				A6B39574295DF441002070D9 /* util.cpp */,
				A6B3955E295DF441002070D9 /* util.h */,
				A6B3956A295DF441002070D9 /* version.c */,
				A6B39562295DF441002070D9 /* Version.h */,
				A6B3952B295DF0DA002070D9 /* Products */,
				A6B39582295DF450002070D9 /* Frameworks */,
			);
			sourceTree = "<group>";
		};
		A6B3952B295DF0DA002070D9 /* Products */ = {
			isa = PBXGroup;
			children = (
				A6B3952A295DF0DA002070D9 /* asmb */,
			);
			name = Products;
			sourceTree = "<group>";
		};
		A6B39582295DF450002070D9 /* Frameworks */ = {
			isa = PBXGroup;
			children = (
				A6B39585295E028C002070D9 /* libbjtcpu.a */,
			);
			name = Frameworks;
			sourceTree = "<group>";
		};
/* End PBXGroup section */

/* Begin PBXNativeTarget section */
		A6B39529295DF0DA002070D9 /* asmb */ = {
			isa = PBXNativeTarget;
			buildConfigurationList = A6B39531295DF0DA002070D9 /* Build configuration list for PBXNativeTarget "asmb" */;
			buildPhases = (
				A6B39526295DF0DA002070D9 /* Sources */,
				A6B39527295DF0DA002070D9 /* Frameworks */,
				A6B39528295DF0DA002070D9 /* CopyFiles */,
			);
			buildRules = (
			);
			dependencies = (
			);
			name = asmb;
			productName = asmb;
			productReference = A6B3952A295DF0DA002070D9 /* asmb */;
			productType = "com.apple.product-type.tool";
		};
/* End PBXNativeTarget section */

/* Begin PBXProject section */
		A6B39522295DF0DA002070D9 /* Project object */ = {
			isa = PBXProject;
			attributes = {
				BuildIndependentTargetsInParallel = 1;
				LastUpgradeCheck = 1420;
				TargetAttributes = {
					A6B39529295DF0DA002070D9 = {
						CreatedOnToolsVersion = 14.2;
					};
				};
			};
			buildConfigurationList = A6B39525295DF0DA002070D9 /* Build configuration list for PBXProject "asmb" */;
			compatibilityVersion = "Xcode 14.0";
			developmentRegion = en;
			hasScannedForEncodings = 0;
			knownRegions = (
				en,
				Base,
			);
			mainGroup = A6B39521295DF0DA002070D9;
			productRefGroup = A6B3952B295DF0DA002070D9 /* Products */;
			projectDirPath = "";
			projectRoot = "";
			targets = (
				A6B39529295DF0DA002070D9 /* asmb */,
			);
		};
/* End PBXProject section */

/* Begin PBXSourcesBuildPhase section */
		A6B39526295DF0DA002070D9 /* Sources */ = {
			isa = PBXSourcesBuildPhase;
			buildActionMask = 2147483647;
			files = (
				A6B39576295DF441002070D9 /* main.c in Sources */,
				A6B3957B295DF441002070D9 /* loc.c in Sources */,
				A6B39577295DF441002070D9 /* gen_fpga.c in Sources */,
				A6B3957D295DF441002070D9 /* grammar.c in Sources */,
				A6B3957E295DF441002070D9 /* error.cpp in Sources */,
				A6B39575295DF441002070D9 /* scanner.c in Sources */,
				A6B39579295DF441002070D9 /* gen_bin.c in Sources */,
				A6B39581295DF441002070D9 /* util.cpp in Sources */,
				A6B3957A295DF441002070D9 /* version.c in Sources */,
				A6B3957C295DF441002070D9 /* gen_lst.c in Sources */,
				A6B39578295DF441002070D9 /* intrep.c in Sources */,
			);
			runOnlyForDeploymentPostprocessing = 0;
		};
/* End PBXSourcesBuildPhase section */

/* Begin XCBuildConfiguration section */
		A6B3952F295DF0DA002070D9 /* Debug */ = {
			isa = XCBuildConfiguration;
			buildSettings = {
				ALWAYS_SEARCH_USER_PATHS = NO;
				CLANG_ANALYZER_NONNULL = YES;
				CLANG_ANALYZER_NUMBER_OBJECT_CONVERSION = YES_AGGRESSIVE;
				CLANG_CXX_LANGUAGE_STANDARD = "gnu++20";
				CLANG_ENABLE_MODULES = YES;
				CLANG_ENABLE_OBJC_ARC = YES;
				CLANG_ENABLE_OBJC_WEAK = YES;
				CLANG_WARN_BLOCK_CAPTURE_AUTORELEASING = YES;
				CLANG_WARN_BOOL_CONVERSION = YES;
				CLANG_WARN_COMMA = YES;
				CLANG_WARN_CONSTANT_CONVERSION = YES;
				CLANG_WARN_DEPRECATED_OBJC_IMPLEMENTATIONS = YES;
				CLANG_WARN_DIRECT_OBJC_ISA_USAGE = YES_ERROR;
				CLANG_WARN_DOCUMENTATION_COMMENTS = YES;
				CLANG_WARN_EMPTY_BODY = YES;
				CLANG_WARN_ENUM_CONVERSION = YES;
				CLANG_WARN_INFINITE_RECURSION = YES;
				CLANG_WARN_INT_CONVERSION = YES;
				CLANG_WARN_NON_LITERAL_NULL_CONVERSION = YES;
				CLANG_WARN_OBJC_IMPLICIT_RETAIN_SELF = YES;
				CLANG_WARN_OBJC_LITERAL_CONVERSION = YES;
				CLANG_WARN_OBJC_ROOT_CLASS = YES_ERROR;
				CLANG_WARN_QUOTED_INCLUDE_IN_FRAMEWORK_HEADER = YES;
				CLANG_WARN_RANGE_LOOP_ANALYSIS = YES;
				CLANG_WARN_STRICT_PROTOTYPES = YES;
				CLANG_WARN_SUSPICIOUS_MOVE = YES;
				CLANG_WARN_UNGUARDED_AVAILABILITY = YES_AGGRESSIVE;
				CLANG_WARN_UNREACHABLE_CODE = YES;
				CLANG_WARN__DUPLICATE_METHOD_MATCH = YES;
				COPY_PHASE_STRIP = NO;
				DEBUG_INFORMATION_FORMAT = dwarf;
				ENABLE_STRICT_OBJC_MSGSEND = YES;
				ENABLE_TESTABILITY = YES;
				GCC_C_LANGUAGE_STANDARD = gnu11;
				GCC_DYNAMIC_NO_PIC = NO;
				GCC_NO_COMMON_BLOCKS = YES;
				GCC_OPTIMIZATION_LEVEL = 0;
				GCC_PREPROCESSOR_DEFINITIONS = (
					"DEBUG=1",
					"$(inherited)",
				);
				GCC_WARN_64_TO_32_BIT_CONVERSION = YES;
				GCC_WARN_ABOUT_RETURN_TYPE = YES_ERROR;
				GCC_WARN_UNDECLARED_SELECTOR = YES;
				GCC_WARN_UNINITIALIZED_AUTOS = YES_AGGRESSIVE;
				GCC_WARN_UNUSED_FUNCTION = YES;
				GCC_WARN_UNUSED_VARIABLE = YES;
				MACOSX_DEPLOYMENT_TARGET = 13.1;
				MTL_ENABLE_DEBUG_INFO = INCLUDE_SOURCE;
				MTL_FAST_MATH = YES;
				ONLY_ACTIVE_ARCH = YES;
				OTHER_CFLAGS = "-D_BSD_SOURCE";
				SDKROOT = macosx;
			};
			name = Debug;
		};
		A6B39530295DF0DA002070D9 /* Release */ = {
			isa = XCBuildConfiguration;
			buildSettings = {
				ALWAYS_SEARCH_USER_PATHS = NO;
				CLANG_ANALYZER_NONNULL = YES;
				CLANG_ANALYZER_NUMBER_OBJECT_CONVERSION = YES_AGGRESSIVE;
				CLANG_CXX_LANGUAGE_STANDARD = "gnu++20";
				CLANG_ENABLE_MODULES = YES;
				CLANG_ENABLE_OBJC_ARC = YES;
				CLANG_ENABLE_OBJC_WEAK = YES;
				CLANG_WARN_BLOCK_CAPTURE_AUTORELEASING = YES;
				CLANG_WARN_BOOL_CONVERSION = YES;
				CLANG_WARN_COMMA = YES;
				CLANG_WARN_CONSTANT_CONVERSION = YES;
				CLANG_WARN_DEPRECATED_OBJC_IMPLEMENTATIONS = YES;
				CLANG_WARN_DIRECT_OBJC_ISA_USAGE = YES_ERROR;
				CLANG_WARN_DOCUMENTATION_COMMENTS = YES;
				CLANG_WARN_EMPTY_BODY = YES;
				CLANG_WARN_ENUM_CONVERSION = YES;
				CLANG_WARN_INFINITE_RECURSION = YES;
				CLANG_WARN_INT_CONVERSION = YES;
				CLANG_WARN_NON_LITERAL_NULL_CONVERSION = YES;
				CLANG_WARN_OBJC_IMPLICIT_RETAIN_SELF = YES;
				CLANG_WARN_OBJC_LITERAL_CONVERSION = YES;
				CLANG_WARN_OBJC_ROOT_CLASS = YES_ERROR;
				CLANG_WARN_QUOTED_INCLUDE_IN_FRAMEWORK_HEADER = YES;
				CLANG_WARN_RANGE_LOOP_ANALYSIS = YES;
				CLANG_WARN_STRICT_PROTOTYPES = YES;
				CLANG_WARN_SUSPICIOUS_MOVE = YES;
				CLANG_WARN_UNGUARDED_AVAILABILITY = YES_AGGRESSIVE;
				CLANG_WARN_UNREACHABLE_CODE = YES;
				CLANG_WARN__DUPLICATE_METHOD_MATCH = YES;
				COPY_PHASE_STRIP = NO;
				DEBUG_INFORMATION_FORMAT = "dwarf-with-dsym";
				ENABLE_NS_ASSERTIONS = NO;
				ENABLE_STRICT_OBJC_MSGSEND = YES;
				GCC_C_LANGUAGE_STANDARD = gnu11;
				GCC_NO_COMMON_BLOCKS = YES;
				GCC_WARN_64_TO_32_BIT_CONVERSION = YES;
				GCC_WARN_ABOUT_RETURN_TYPE = YES_ERROR;
				GCC_WARN_UNDECLARED_SELECTOR = YES;
				GCC_WARN_UNINITIALIZED_AUTOS = YES_AGGRESSIVE;
				GCC_WARN_UNUSED_FUNCTION = YES;
				GCC_WARN_UNUSED_VARIABLE = YES;
				MACOSX_DEPLOYMENT_TARGET = 13.1;
				MTL_ENABLE_DEBUG_INFO = NO;
				MTL_FAST_MATH = YES;
				OTHER_CFLAGS = "-D_BSD_SOURCE";
				SDKROOT = macosx;
			};
			name = Release;
		};
		A6B39532295DF0DA002070D9 /* Debug */ = {
			isa = XCBuildConfiguration;
			buildSettings = {
				CODE_SIGN_STYLE = Automatic;
				PRODUCT_NAME = "$(TARGET_NAME)";
				USER_HEADER_SEARCH_PATHS = ../../libbjtcpu/;
			};
			name = Debug;
		};
		A6B39533295DF0DA002070D9 /* Release */ = {
			isa = XCBuildConfiguration;
			buildSettings = {
				CODE_SIGN_STYLE = Automatic;
				PRODUCT_NAME = "$(TARGET_NAME)";
				USER_HEADER_SEARCH_PATHS = ../../libbjtcpu/;
			};
			name = Release;
		};
/* End XCBuildConfiguration section */

/* Begin XCConfigurationList section */
		A6B39525295DF0DA002070D9 /* Build configuration list for PBXProject "asmb" */ = {
			isa = XCConfigurationList;
			buildConfigurations = (
				A6B3952F295DF0DA002070D9 /* Debug */,
				A6B39530295DF0DA002070D9 /* Release */,
			);
			defaultConfigurationIsVisible = 0;
			defaultConfigurationName = Release;
		};
		A6B39531295DF0DA002070D9 /* Build configuration list for PBXNativeTarget "asmb" */ = {
			isa = XCConfigurationList;
			buildConfigurations = (
				A6B39532295DF0DA002070D9 /* Debug */,
				A6B39533295DF0DA002070D9 /* Release */,
			);
			defaultConfigurationIsVisible = 0;
			defaultConfigurationName = Release;
		};
/* End XCConfigurationList section */
	};
	rootObject = A6B39522295DF0DA002070D9 /* Project object */;
}
